# THIS IS AN AUTOGENERATED FILE. DO NOT EDIT THIS FILE DIRECTLY.
# yarn lockfile v1


"@ansur/leaflet-pulse-icon@^0.1.1":
  version "0.1.1"
  resolved "https://registry.yarnpkg.com/@ansur/leaflet-pulse-icon/-/leaflet-pulse-icon-0.1.1.tgz#f9ba7e51e6c81a30057df1fdf59c365944913bc1"
  integrity sha512-2vymis4WMiacers0JJ43Ku0TjdKypnh0atMdFC2VdTGd5G/NGsmW5eYnTZr1YHNOts3CXRbnwlkEMKB7OPsfIg==
  dependencies:
    leaflet ">=0.7.3"

"@types/jquery@^2.0.32":
  version "2.0.56"
  resolved "https://registry.yarnpkg.com/@types/jquery/-/jquery-2.0.56.tgz#f66eb15126b0b63b9a0e7951cbadd4eea9eb85d9"
  integrity sha512-tcNulMBr4fuMeBhwrRNQw3JaWg7vXP9bi64nKM5qYbaIN/oyo4n9O4TG5Thyn1BmhH159XvDxD4y3kqqpYS4sg==

devbridge-autocomplete@^1.4.11:
  version "1.4.11"
  resolved "https://registry.yarnpkg.com/devbridge-autocomplete/-/devbridge-autocomplete-1.4.11.tgz#05424a675711a9c3ad118c98de0a22180944b00f"
  integrity sha512-lRU1y9IKyPm45NKDMcujszJoftw+wqxKbtcNJoMx+LywJQJdDwjg/s4lwLYR4vyQQ6VTcUaIeveLMkZTqorBIA==
  dependencies:
    "@types/jquery" "^2.0.32"
    jquery ">=1.7"

jquery@>=1.7:
  version "3.6.0"
  resolved "https://registry.yarnpkg.com/jquery/-/jquery-3.6.0.tgz#c72a09f15c1bdce142f49dbf1170bdf8adac2470"
  integrity sha512-JVzAR/AjBvVt2BmYhxRCSYysDsPcssdmTFnzyLEts9qNwmjmu4JTAMYubEfwVOSwpQ1I1sKKFcxhZCI2buerfw==

leaflet-easybutton@^2.4.0:
  version "2.4.0"
  resolved "https://registry.yarnpkg.com/leaflet-easybutton/-/leaflet-easybutton-2.4.0.tgz#3ad8ad31c9cf6d5ca7a6a1988f82eed13ff2c1af"
  integrity sha512-O+qsQq4zTF6ds8VClnytobTH/MKalctlPpiA8L+bNKHP14J3lgJpvEd/jSpq9mHTI6qOzRAvbQX6wS6qNwThvg==
  dependencies:
    leaflet "^1.0.1"

leaflet@>=0.7.3, leaflet@^1.0.1, leaflet@^1.7.1:
  version "1.7.1"
  resolved "https://registry.yarnpkg.com/leaflet/-/leaflet-1.7.1.tgz#10d684916edfe1bf41d688a3b97127c0322a2a19"
  integrity sha512-/xwPEBidtg69Q3HlqPdU3DnrXQOvQU/CCHA1tcDQVzOwm91YMYaILjNp7L4Eaw5Z4sOYdbBz6koWyibppd8Zqw==
